
Microsoft Visual Studio Solution File, Format Version 12.00
# Visual Studio Version 16
VisualStudioVersion = 16.0.31129.286
MinimumVisualStudioVersion = 10.0.40219.1
Project("{9A19103F-16F7-4668-BE54-9A1E7A4F7556}") = "CutteRx", "CutteRx\CutteRx.csproj", "{4A395A31-2414-47A9-A4A8-497DD313EC77}"
EndProject
Global
	GlobalSection(SolutionConfigurationPlatforms) = preSolution
		Debug|Any CPU = Debug|Any CPU
		Release|Any CPU = Release|Any CPU
	EndGlobalSection
	GlobalSection(ProjectConfigurationPlatforms) = postSolution
		{4A395A31-2414-47A9-A4A8-497DD313EC77}.Debug|Any CPU.ActiveCfg = Debug|Any CPU
		{4A395A31-2414-47A9-A4A8-497DD313EC77}.Debug|Any CPU.Build.0 = Debug|Any CPU
		{4A395A31-2414-47A9-A4A8-497DD313EC77}.Release|Any CPU.ActiveCfg = Release|Any CPU
		{4A395A31-2414-47A9-A4A8-497DD313EC77}.Release|Any CPU.Build.0 = Release|Any CPU
	EndGlobalSection
	GlobalSection(SolutionProperties) = preSolution
		HideSolutionNode = FALSE
	EndGlobalSection
	GlobalSection(ExtensibilityGlobals) = postSolution
		SolutionGuid = {96DB67BB-FC24-4CBB-8F8F-2784327B6811}
	EndGlobalSection
EndGlobal
